
Microsoft Visual Studio Solution File, Format Version 12.00
# Visual Studio 15
VisualStudioVersion = 15.0.27428.2027
MinimumVisualStudioVersion = 10.0.40219.1
Project("{FAE04EC0-301F-11D3-BF4B-00C04F79EFBC}") = "TestMakerFreeWebApp", "TestMakerFreeWebApp\TestMakerFreeWebApp.csproj", "{9F30B6D5-95D1-4858-A22F-750D9F84D720}"
EndProject
Global
	GlobalSection(SolutionConfigurationPlatforms) = preSolution
		Debug|Any CPU = Debug|Any CPU
		Release|Any CPU = Release|Any CPU
	EndGlobalSection
	GlobalSection(ProjectConfigurationPlatforms) = postSolution
		{9F30B6D5-95D1-4858-A22F-750D9F84D720}.Debug|Any CPU.ActiveCfg = Debug|Any CPU
		{9F30B6D5-95D1-4858-A22F-750D9F84D720}.Debug|Any CPU.Build.0 = Debug|Any CPU
		{9F30B6D5-95D1-4858-A22F-750D9F84D720}.Release|Any CPU.ActiveCfg = Release|Any CPU
		{9F30B6D5-95D1-4858-A22F-750D9F84D720}.Release|Any CPU.Build.0 = Release|Any CPU
	EndGlobalSection
	GlobalSection(SolutionProperties) = preSolution
		HideSolutionNode = FALSE
	EndGlobalSection
	GlobalSection(ExtensibilityGlobals) = postSolution
		SolutionGuid = {B7E4BDB1-BAD4-418E-BB1B-34BA8B538363}
	EndGlobalSection
EndGlobal
